
Microsoft Visual Studio Solution File, Format Version 12.00
# Visual Studio Version 17
VisualStudioVersion = 17.4.32912.340
MinimumVisualStudioVersion = 10.0.40219.1
Project("{2150E333-8FDC-42A3-9474-1A3956D46DE8}") = "YuanQi.Server", "YuanQi.Server", "{55FBF990-94DA-4D51-975A-9F05449407D2}"
EndProject
Project("{2150E333-8FDC-42A3-9474-1A3956D46DE8}") = "YuanQi.Print", "YuanQi.Print", "{913DF36C-4033-4EBB-B5CA-988D16319AB4}"
EndProject
Project("{2150E333-8FDC-42A3-9474-1A3956D46DE8}") = "Modules", "Modules", "{508D01AF-478D-44FD-A893-83C37C834F39}"
EndProject
Project("{FAE04EC0-301F-11D3-BF4B-00C04F79EFBC}") = "YuanQiPrint", "YuanQiPrint\YuanQiPrint.csproj", "{0E43921A-FA00-4FB9-91AE-6755174CEB92}"
EndProject
Project("{FAE04EC0-301F-11D3-BF4B-00C04F79EFBC}") = "YuanQiUI", "YuanQiUI\YuanQiUI.csproj", "{8F5D4419-465F-42F6-BC04-C0F17FE7DE7B}"
EndProject
Project("{FAE04EC0-301F-11D3-BF4B-00C04F79EFBC}") = "Module.BiaoQian", "Module.BiaoQian\Module.BiaoQian.csproj", "{6D394419-4A14-45D9-9E39-945E2BCB04E9}"
EndProject
Project("{FAE04EC0-301F-11D3-BF4B-00C04F79EFBC}") = "Module.Home", "Module.Home\Module.Home.csproj", "{957F76A5-06F7-443C-95AB-649CF8096435}"
EndProject
Project("{FAE04EC0-301F-11D3-BF4B-00C04F79EFBC}") = "Module.HeGe", "Module.HeGe\Module.HeGe.csproj", "{FB8A7963-214D-47F7-A561-82CA4797C962}"
EndProject
Project("{FAE04EC0-301F-11D3-BF4B-00C04F79EFBC}") = "Module.Setting", "Module.Setting\Module.Setting.csproj", "{59614D3F-030D-4B7E-9263-C4C0FD4CEB06}"
EndProject
Project("{FAE04EC0-301F-11D3-BF4B-00C04F79EFBC}") = "YuanQiTool", "YuanQiTool\YuanQiTool.csproj", "{ED875213-BEB9-44D5-A5A0-F604F15DF5DD}"
EndProject
Project("{FAE04EC0-301F-11D3-BF4B-00C04F79EFBC}") = "Module.RenGong", "Module.RenGong\Module.RenGong.csproj", "{2B3E0AC8-EE5B-43D9-B4F7-5F3FF91D061E}"
EndProject
Global
	GlobalSection(SolutionConfigurationPlatforms) = preSolution
		Debug|Any CPU = Debug|Any CPU
		Release|Any CPU = Release|Any CPU
	EndGlobalSection
	GlobalSection(ProjectConfigurationPlatforms) = postSolution
		{0E43921A-FA00-4FB9-91AE-6755174CEB92}.Debug|Any CPU.ActiveCfg = Debug|Any CPU
		{0E43921A-FA00-4FB9-91AE-6755174CEB92}.Debug|Any CPU.Build.0 = Debug|Any CPU
		{0E43921A-FA00-4FB9-91AE-6755174CEB92}.Release|Any CPU.ActiveCfg = Release|Any CPU
		{0E43921A-FA00-4FB9-91AE-6755174CEB92}.Release|Any CPU.Build.0 = Release|Any CPU
		{8F5D4419-465F-42F6-BC04-C0F17FE7DE7B}.Debug|Any CPU.ActiveCfg = Debug|Any CPU
		{8F5D4419-465F-42F6-BC04-C0F17FE7DE7B}.Debug|Any CPU.Build.0 = Debug|Any CPU
		{8F5D4419-465F-42F6-BC04-C0F17FE7DE7B}.Release|Any CPU.ActiveCfg = Release|Any CPU
		{8F5D4419-465F-42F6-BC04-C0F17FE7DE7B}.Release|Any CPU.Build.0 = Release|Any CPU
		{6D394419-4A14-45D9-9E39-945E2BCB04E9}.Debug|Any CPU.ActiveCfg = Debug|Any CPU
		{6D394419-4A14-45D9-9E39-945E2BCB04E9}.Debug|Any CPU.Build.0 = Debug|Any CPU
		{6D394419-4A14-45D9-9E39-945E2BCB04E9}.Release|Any CPU.ActiveCfg = Release|Any CPU
		{6D394419-4A14-45D9-9E39-945E2BCB04E9}.Release|Any CPU.Build.0 = Release|Any CPU
		{957F76A5-06F7-443C-95AB-649CF8096435}.Debug|Any CPU.ActiveCfg = Debug|Any CPU
		{957F76A5-06F7-443C-95AB-649CF8096435}.Debug|Any CPU.Build.0 = Debug|Any CPU
		{957F76A5-06F7-443C-95AB-649CF8096435}.Release|Any CPU.ActiveCfg = Release|Any CPU
		{957F76A5-06F7-443C-95AB-649CF8096435}.Release|Any CPU.Build.0 = Release|Any CPU
		{FB8A7963-214D-47F7-A561-82CA4797C962}.Debug|Any CPU.ActiveCfg = Debug|Any CPU
		{FB8A7963-214D-47F7-A561-82CA4797C962}.Debug|Any CPU.Build.0 = Debug|Any CPU
		{FB8A7963-214D-47F7-A561-82CA4797C962}.Release|Any CPU.ActiveCfg = Release|Any CPU
		{FB8A7963-214D-47F7-A561-82CA4797C962}.Release|Any CPU.Build.0 = Release|Any CPU
		{59614D3F-030D-4B7E-9263-C4C0FD4CEB06}.Debug|Any CPU.ActiveCfg = Debug|Any CPU
		{59614D3F-030D-4B7E-9263-C4C0FD4CEB06}.Debug|Any CPU.Build.0 = Debug|Any CPU
		{59614D3F-030D-4B7E-9263-C4C0FD4CEB06}.Release|Any CPU.ActiveCfg = Release|Any CPU
		{59614D3F-030D-4B7E-9263-C4C0FD4CEB06}.Release|Any CPU.Build.0 = Release|Any CPU
		{ED875213-BEB9-44D5-A5A0-F604F15DF5DD}.Debug|Any CPU.ActiveCfg = Debug|Any CPU
		{ED875213-BEB9-44D5-A5A0-F604F15DF5DD}.Debug|Any CPU.Build.0 = Debug|Any CPU
		{ED875213-BEB9-44D5-A5A0-F604F15DF5DD}.Release|Any CPU.ActiveCfg = Release|Any CPU
		{ED875213-BEB9-44D5-A5A0-F604F15DF5DD}.Release|Any CPU.Build.0 = Release|Any CPU
		{2B3E0AC8-EE5B-43D9-B4F7-5F3FF91D061E}.Debug|Any CPU.ActiveCfg = Debug|Any CPU
		{2B3E0AC8-EE5B-43D9-B4F7-5F3FF91D061E}.Debug|Any CPU.Build.0 = Debug|Any CPU
		{2B3E0AC8-EE5B-43D9-B4F7-5F3FF91D061E}.Release|Any CPU.ActiveCfg = Release|Any CPU
		{2B3E0AC8-EE5B-43D9-B4F7-5F3FF91D061E}.Release|Any CPU.Build.0 = Release|Any CPU
	EndGlobalSection
	GlobalSection(SolutionProperties) = preSolution
		HideSolutionNode = FALSE
	EndGlobalSection
	GlobalSection(NestedProjects) = preSolution
		{508D01AF-478D-44FD-A893-83C37C834F39} = {913DF36C-4033-4EBB-B5CA-988D16319AB4}
		{0E43921A-FA00-4FB9-91AE-6755174CEB92} = {913DF36C-4033-4EBB-B5CA-988D16319AB4}
		{8F5D4419-465F-42F6-BC04-C0F17FE7DE7B} = {55FBF990-94DA-4D51-975A-9F05449407D2}
		{6D394419-4A14-45D9-9E39-945E2BCB04E9} = {508D01AF-478D-44FD-A893-83C37C834F39}
		{957F76A5-06F7-443C-95AB-649CF8096435} = {508D01AF-478D-44FD-A893-83C37C834F39}
		{FB8A7963-214D-47F7-A561-82CA4797C962} = {508D01AF-478D-44FD-A893-83C37C834F39}
		{59614D3F-030D-4B7E-9263-C4C0FD4CEB06} = {508D01AF-478D-44FD-A893-83C37C834F39}
		{ED875213-BEB9-44D5-A5A0-F604F15DF5DD} = {55FBF990-94DA-4D51-975A-9F05449407D2}
		{2B3E0AC8-EE5B-43D9-B4F7-5F3FF91D061E} = {508D01AF-478D-44FD-A893-83C37C834F39}
	EndGlobalSection
	GlobalSection(ExtensibilityGlobals) = postSolution
		SolutionGuid = {37EDEF63-7B51-4C60-B765-33F5895ECEDC}
	EndGlobalSection
EndGlobal
